
Microsoft Visual Studio Solution File, Format Version 12.00
# Visual Studio 15
Project("{FAE04EC0-301F-11D3-BF4B-00C04F79EFBC}") = "Assembly-CSharp", "Assembly-CSharp.csproj", "{51CD38A0-BDF1-1E8B-6872-4EB9A243DD82}"
EndProject
Project("{FAE04EC0-301F-11D3-BF4B-00C04F79EFBC}") = "Assembly-CSharp-Editor", "Assembly-CSharp-Editor.csproj", "{EA888AF8-73A1-DA96-CD5B-ED922A9FED47}"
EndProject
Global
	GlobalSection(SolutionConfigurationPlatforms) = preSolution
		Debug|Any CPU = Debug|Any CPU
		Release|Any CPU = Release|Any CPU
	EndGlobalSection
	GlobalSection(ProjectConfigurationPlatforms) = postSolution
		{51CD38A0-BDF1-1E8B-6872-4EB9A243DD82}.Debug|Any CPU.ActiveCfg = Debug|Any CPU
		{51CD38A0-BDF1-1E8B-6872-4EB9A243DD82}.Debug|Any CPU.Build.0 = Debug|Any CPU
		{51CD38A0-BDF1-1E8B-6872-4EB9A243DD82}.Release|Any CPU.ActiveCfg = Release|Any CPU
		{51CD38A0-BDF1-1E8B-6872-4EB9A243DD82}.Release|Any CPU.Build.0 = Release|Any CPU
		{EA888AF8-73A1-DA96-CD5B-ED922A9FED47}.Debug|Any CPU.ActiveCfg = Debug|Any CPU
		{EA888AF8-73A1-DA96-CD5B-ED922A9FED47}.Debug|Any CPU.Build.0 = Debug|Any CPU
		{EA888AF8-73A1-DA96-CD5B-ED922A9FED47}.Release|Any CPU.ActiveCfg = Release|Any CPU
		{EA888AF8-73A1-DA96-CD5B-ED922A9FED47}.Release|Any CPU.Build.0 = Release|Any CPU
	EndGlobalSection
	GlobalSection(SolutionProperties) = preSolution
		HideSolutionNode = FALSE
	EndGlobalSection
EndGlobal
